
Microsoft Visual Studio Solution File, Format Version 12.00
# Visual Studio Version 17
VisualStudioVersion = 17.3.32929.385
MinimumVisualStudioVersion = 10.0.40219.1
Project("{FAE04EC0-301F-11D3-BF4B-00C04F79EFBC}") = "Personal.Web", "Personal.Web\Personal.Web.csproj", "{354FF713-B6E4-491A-B6ED-D37526C6D242}"
EndProject
Global
	GlobalSection(SolutionConfigurationPlatforms) = preSolution
		Debug|Any CPU = Debug|Any CPU
		Release|Any CPU = Release|Any CPU
	EndGlobalSection
	GlobalSection(ProjectConfigurationPlatforms) = postSolution
		{354FF713-B6E4-491A-B6ED-D37526C6D242}.Debug|Any CPU.ActiveCfg = Debug|Any CPU
		{354FF713-B6E4-491A-B6ED-D37526C6D242}.Debug|Any CPU.Build.0 = Debug|Any CPU
		{354FF713-B6E4-491A-B6ED-D37526C6D242}.Release|Any CPU.ActiveCfg = Release|Any CPU
		{354FF713-B6E4-491A-B6ED-D37526C6D242}.Release|Any CPU.Build.0 = Release|Any CPU
	EndGlobalSection
	GlobalSection(SolutionProperties) = preSolution
		HideSolutionNode = FALSE
	EndGlobalSection
	GlobalSection(ExtensibilityGlobals) = postSolution
		SolutionGuid = {52C07B32-8009-438E-8CE4-BDC3C0B63410}
	EndGlobalSection
EndGlobal
